{
  "_comment": "Reproducibility manifest. Each library's knowledge graph was extracted from the upstream repo at the pinned commit below. To rebuild a graph reproducibly: scripts/rebuild_graph.sh <library>. See docs/GRAPH_SPEC.md for the schema, noise-filter policy, and quality gate.",
  "graphify": {
    "package": "@sentropic/graphify",
    "install": "npm install -g @sentropic/graphify",
    "backend": "opencode"
  },
  "libraries": {
    "numpy": {
      "repo": "numpy/numpy",
      "commit": "ab2199763cb17878cd8f34fcbc97106c5397f922",
      "nodes": 8104,
      "edges": 13281
    },
    "scipy": {
      "repo": "scipy/scipy",
      "commit": "0514ef9e73297ef8d6f46379731eedc619f9d201",
      "nodes": 14071,
      "edges": 23466
    },
    "pandas": {
      "repo": "pandas-dev/pandas",
      "commit": "982854070758cd2015fc9e64395684546b1c5444",
      "nodes": 11368,
      "edges": 39913
    },
    "scikit-learn": {
      "repo": "scikit-learn/scikit-learn",
      "commit": "6f8b95aa2234102acc3804fc8c7a3e6bd0506bfb",
      "nodes": 8450,
      "edges": 28094
    },
    "optuna": {
      "repo": "optuna/optuna",
      "commit": "b6f2ea62fbe7fb09d0d1c75783c65dad098d9a06",
      "nodes": 2205,
      "edges": 4010
    },
    "vectorbt": {
      "repo": "polakowo/vectorbt",
      "commit": "f9897528f675114e6b34790178dbb2ca137acb51",
      "nodes": 3682,
      "edges": 9212
    },
    "backtrader": {
      "repo": "mementum/backtrader",
      "commit": "b853d7c90b6721476eb5a5ea3135224e33db1f14",
      "nodes": 2680,
      "edges": 4964
    },
    "ta-lib": {
      "repo": "TA-Lib/ta-lib-python",
      "commit": "a9ff1b47b3ddbd57274116645d688c0ed677338b",
      "nodes": 381,
      "edges": 379
    },
    "xgboost": {
      "repo": "dmlc/xgboost",
      "commit": "2a4786e61e08b41f63916089c35a10d0ac4626d2",
      "nodes": 1631,
      "edges": 4318
    },
    "lightgbm": {
      "repo": "microsoft/LightGBM",
      "commit": "f9bf8d1358cd7b5d649b47175e56543b62856f98",
      "nodes": 593,
      "edges": 2029
    },
    "statsmodels": {
      "repo": "statsmodels/statsmodels",
      "commit": "179d1f4df4164c94c69256fc9436d578a1beb163",
      "nodes": 11616,
      "edges": 33529
    }
  }
}