{
  "_comment": "Fixture graphs.lock for tests/test_validate_skills.py — pinned to the real numpy commit so the source_commit check has a ground truth.",
  "libraries": {
    "numpy": {
      "repo": "numpy/numpy",
      "commit": "ab2199763cb17878cd8f34fcbc97106c5397f922",
      "nodes": 3,
      "edges": 0
    }
  }
}
